# This file is automatically @generated by Cargo.
# It is not intended for manual editing.
version = 4

[[package]]
name = "foxytunnel-app"
version = "0.1.0"
dependencies = [
 "foxytunnel-core",
 "foxytunnel-tunnel",
]

[[package]]
name = "foxytunnel-core"
version = "0.1.0"

[[package]]
name = "foxytunnel-tunnel"
version = "0.1.0"
dependencies = [
 "foxytunnel-core",
]
